
Microsoft Visual Studio Solution File, Format Version 12.00
# Visual Studio 15
VisualStudioVersion = 15.0.28307.852
MinimumVisualStudioVersion = 10.0.40219.1
Project("{FAE04EC0-301F-11D3-BF4B-00C04F79EFBC}") = "WpfExample", "WpfExample\WpfExample.csproj", "{A21B9CD3-99BC-4439-B16F-47FFCDCF59F8}"
EndProject
Global
	GlobalSection(SolutionConfigurationPlatforms) = preSolution
		Debug|Any CPU = Debug|Any CPU
		Release|Any CPU = Release|Any CPU
	EndGlobalSection
	GlobalSection(ProjectConfigurationPlatforms) = postSolution
		{A21B9CD3-99BC-4439-B16F-47FFCDCF59F8}.Debug|Any CPU.ActiveCfg = Debug|Any CPU
		{A21B9CD3-99BC-4439-B16F-47FFCDCF59F8}.Debug|Any CPU.Build.0 = Debug|Any CPU
		{A21B9CD3-99BC-4439-B16F-47FFCDCF59F8}.Release|Any CPU.ActiveCfg = Release|Any CPU
		{A21B9CD3-99BC-4439-B16F-47FFCDCF59F8}.Release|Any CPU.Build.0 = Release|Any CPU
	EndGlobalSection
	GlobalSection(SolutionProperties) = preSolution
		HideSolutionNode = FALSE
	EndGlobalSection
	GlobalSection(ExtensibilityGlobals) = postSolution
		SolutionGuid = {A7AE1CD5-7BF8-463C-9E24-03AE8FDE76EF}
	EndGlobalSection
EndGlobal
